// !$*UTF8*$!
{
	archiveVersion = 1;
	classes = {
	};
	objectVersion = 46;
	objects = {

/* Begin PBXBuildFile section */
		9BC39C041E951C9200FA269F /* Test.h in Headers */ = {isa = PBXBuildFile; fileRef = 9BC39BF61E951C9200FA269F /* Test.h */; settings = {ATTRIBUTES = (Public, ); }; };
		9BC39C0F1E951ED600FA269F /* TestPrinter.h in Headers */ = {isa = PBXBuildFile; fileRef = 9BC39C0D1E951ED600FA269F /* TestPrinter.h */; settings = {ATTRIBUTES = (Public, ); }; };
		9BC39C101E951ED600FA269F /* TestPrinter.m in Sources */ = {isa = PBXBuildFile; fileRef = 9BC39C0E1E951ED600FA269F /* TestPrinter.m */; };
		9BD3E5921EA0DA03007B49CF /* main.m in Sources */ = {isa = PBXBuildFile; fileRef = 9BD3E5911EA0DA03007B49CF /* main.m */; };
		9BD3E5951EA0DA03007B49CF /* AppDelegate.m in Sources */ = {isa = PBXBuildFile; fileRef = 9BD3E5941EA0DA03007B49CF /* AppDelegate.m */; };
		9BD3E5981EA0DA03007B49CF /* ViewController.m in Sources */ = {isa = PBXBuildFile; fileRef = 9BD3E5971EA0DA03007B49CF /* ViewController.m */; };
		9BD3E59B1EA0DA03007B49CF /* Main.storyboard in Resources */ = {isa = PBXBuildFile; fileRef = 9BD3E5991EA0DA03007B49CF /* Main.storyboard */; };
		9BD3E59D1EA0DA03007B49CF /* Assets.xcassets in Resources */ = {isa = PBXBuildFile; fileRef = 9BD3E59C1EA0DA03007B49CF /* Assets.xcassets */; };
		9BD3E5A01EA0DA03007B49CF /* LaunchScreen.storyboard in Resources */ = {isa = PBXBuildFile; fileRef = 9BD3E59E1EA0DA03007B49CF /* LaunchScreen.storyboard */; };
		9BD3E5AB1EA0DA03007B49CF /* TestDevTests.m in Sources */ = {isa = PBXBuildFile; fileRef = 9BD3E5AA1EA0DA03007B49CF /* TestDevTests.m */; };
		9BD3E5B31EA0DA10007B49CF /* TestPrinter.m in Sources */ = {isa = PBXBuildFile; fileRef = 9BC39C0E1E951ED600FA269F /* TestPrinter.m */; };
/* End PBXBuildFile section */

/* Begin PBXContainerItemProxy section */
		9BD3E5A71EA0DA03007B49CF /* PBXContainerItemProxy */ = {
			isa = PBXContainerItemProxy;
			containerPortal = 9BC39BEA1E951C9200FA269F /* Project object */;
			proxyType = 1;
			remoteGlobalIDString = 9BD3E58D1EA0DA03007B49CF;
			remoteInfo = TestDev;
		};
/* End PBXContainerItemProxy section */

/* Begin PBXFileReference section */
		9BC39BF31E951C9200FA269F /* Test.framework */ = {isa = PBXFileReference; explicitFileType = wrapper.framework; includeInIndex = 0; path = Test.framework; sourceTree = BUILT_PRODUCTS_DIR; };
		9BC39BF61E951C9200FA269F /* Test.h */ = {isa = PBXFileReference; lastKnownFileType = sourcecode.c.h; path = Test.h; sourceTree = "<group>"; };
		9BC39BF71E951C9200FA269F /* Info.plist */ = {isa = PBXFileReference; lastKnownFileType = text.plist.xml; path = Info.plist; sourceTree = "<group>"; };
		9BC39C011E951C9200FA269F /* TestTests.m */ = {isa = PBXFileReference; lastKnownFileType = sourcecode.c.objc; path = TestTests.m; sourceTree = "<group>"; };
		9BC39C031E951C9200FA269F /* Info.plist */ = {isa = PBXFileReference; lastKnownFileType = text.plist.xml; path = Info.plist; sourceTree = "<group>"; };
		9BC39C0D1E951ED600FA269F /* TestPrinter.h */ = {isa = PBXFileReference; fileEncoding = 4; lastKnownFileType = sourcecode.c.h; path = TestPrinter.h; sourceTree = "<group>"; };
		9BC39C0E1E951ED600FA269F /* TestPrinter.m */ = {isa = PBXFileReference; fileEncoding = 4; lastKnownFileType = sourcecode.c.objc; path = TestPrinter.m; sourceTree = "<group>"; };
		9BD3E58E1EA0DA03007B49CF /* TestDev.app */ = {isa = PBXFileReference; explicitFileType = wrapper.application; includeInIndex = 0; path = TestDev.app; sourceTree = BUILT_PRODUCTS_DIR; };
		9BD3E5911EA0DA03007B49CF /* main.m */ = {isa = PBXFileReference; lastKnownFileType = sourcecode.c.objc; path = main.m; sourceTree = "<group>"; };
		9BD3E5931EA0DA03007B49CF /* AppDelegate.h */ = {isa = PBXFileReference; lastKnownFileType = sourcecode.c.h; path = AppDelegate.h; sourceTree = "<group>"; };
		9BD3E5941EA0DA03007B49CF /* AppDelegate.m */ = {isa = PBXFileReference; lastKnownFileType = sourcecode.c.objc; path = AppDelegate.m; sourceTree = "<group>"; };
		9BD3E5961EA0DA03007B49CF /* ViewController.h */ = {isa = PBXFileReference; lastKnownFileType = sourcecode.c.h; path = ViewController.h; sourceTree = "<group>"; };
		9BD3E5971EA0DA03007B49CF /* ViewController.m */ = {isa = PBXFileReference; lastKnownFileType = sourcecode.c.objc; path = ViewController.m; sourceTree = "<group>"; };
		9BD3E59A1EA0DA03007B49CF /* Base */ = {isa = PBXFileReference; lastKnownFileType = file.storyboard; name = Base; path = Base.lproj/Main.storyboard; sourceTree = "<group>"; };
		9BD3E59C1EA0DA03007B49CF /* Assets.xcassets */ = {isa = PBXFileReference; lastKnownFileType = folder.assetcatalog; path = Assets.xcassets; sourceTree = "<group>"; };
		9BD3E59F1EA0DA03007B49CF /* Base */ = {isa = PBXFileReference; lastKnownFileType = file.storyboard; name = Base; path = Base.lproj/LaunchScreen.storyboard; sourceTree = "<group>"; };
		9BD3E5A11EA0DA03007B49CF /* Info.plist */ = {isa = PBXFileReference; lastKnownFileType = text.plist.xml; path = Info.plist; sourceTree = "<group>"; };
		9BD3E5A61EA0DA03007B49CF /* TestTests.xctest */ = {isa = PBXFileReference; explicitFileType = wrapper.cfbundle; includeInIndex = 0; path = TestTests.xctest; sourceTree = BUILT_PRODUCTS_DIR; };
		9BD3E5AA1EA0DA03007B49CF /* TestDevTests.m */ = {isa = PBXFileReference; lastKnownFileType = sourcecode.c.objc; path = TestDevTests.m; sourceTree = "<group>"; };
		9BD3E5AC1EA0DA03007B49CF /* Info.plist */ = {isa = PBXFileReference; lastKnownFileType = text.plist.xml; path = Info.plist; sourceTree = "<group>"; };
		9BD3E5BF1EA0DA4B007B49CF /* TestDevTests copy-Info.plist */ = {isa = PBXFileReference; lastKnownFileType = text.plist.xml; name = "TestDevTests copy-Info.plist"; path = "/Users/apolkinghorn/Projects/FrameworkTest/TestDevTests copy-Info.plist"; sourceTree = "<absolute>"; };
/* End PBXFileReference section */

/* Begin PBXFrameworksBuildPhase section */
		9BC39BEF1E951C9200FA269F /* Frameworks */ = {
			isa = PBXFrameworksBuildPhase;
			buildActionMask = 2147483647;
			files = (
			);
			runOnlyForDeploymentPostprocessing = 0;
		};
		9BD3E58B1EA0DA03007B49CF /* Frameworks */ = {
			isa = PBXFrameworksBuildPhase;
			buildActionMask = 2147483647;
			files = (
			);
			runOnlyForDeploymentPostprocessing = 0;
		};
		9BD3E5A31EA0DA03007B49CF /* Frameworks */ = {
			isa = PBXFrameworksBuildPhase;
			buildActionMask = 2147483647;
			files = (
			);
			runOnlyForDeploymentPostprocessing = 0;
		};
/* End PBXFrameworksBuildPhase section */

/* Begin PBXGroup section */
		9BC39BE91E951C9200FA269F = {
			isa = PBXGroup;
			children = (
				9BC39BF51E951C9200FA269F /* Test */,
				9BC39C001E951C9200FA269F /* TestTests */,
				9BD3E58F1EA0DA03007B49CF /* TestDev */,
				9BD3E5A91EA0DA03007B49CF /* TestDevTests */,
				9BC39BF41E951C9200FA269F /* Products */,
				9BD3E5BF1EA0DA4B007B49CF /* TestDevTests copy-Info.plist */,
			);
			sourceTree = "<group>";
		};
		9BC39BF41E951C9200FA269F /* Products */ = {
			isa = PBXGroup;
			children = (
				9BC39BF31E951C9200FA269F /* Test.framework */,
				9BD3E58E1EA0DA03007B49CF /* TestDev.app */,
				9BD3E5A61EA0DA03007B49CF /* TestTests.xctest */,
			);
			name = Products;
			sourceTree = "<group>";
		};
		9BC39BF51E951C9200FA269F /* Test */ = {
			isa = PBXGroup;
			children = (
				9BC39BF61E951C9200FA269F /* Test.h */,
				9BC39C0D1E951ED600FA269F /* TestPrinter.h */,
				9BC39C0E1E951ED600FA269F /* TestPrinter.m */,
				9BC39BF71E951C9200FA269F /* Info.plist */,
			);
			path = Test;
			sourceTree = "<group>";
		};
		9BC39C001E951C9200FA269F /* TestTests */ = {
			isa = PBXGroup;
			children = (
				9BC39C011E951C9200FA269F /* TestTests.m */,
				9BC39C031E951C9200FA269F /* Info.plist */,
			);
			path = TestTests;
			sourceTree = "<group>";
		};
		9BD3E58F1EA0DA03007B49CF /* TestDev */ = {
			isa = PBXGroup;
			children = (
				9BD3E5931EA0DA03007B49CF /* AppDelegate.h */,
				9BD3E5941EA0DA03007B49CF /* AppDelegate.m */,
				9BD3E5961EA0DA03007B49CF /* ViewController.h */,
				9BD3E5971EA0DA03007B49CF /* ViewController.m */,
				9BD3E5991EA0DA03007B49CF /* Main.storyboard */,
				9BD3E59C1EA0DA03007B49CF /* Assets.xcassets */,
				9BD3E59E1EA0DA03007B49CF /* LaunchScreen.storyboard */,
				9BD3E5A11EA0DA03007B49CF /* Info.plist */,
				9BD3E5901EA0DA03007B49CF /* Supporting Files */,
			);
			path = TestDev;
			sourceTree = "<group>";
		};
		9BD3E5901EA0DA03007B49CF /* Supporting Files */ = {
			isa = PBXGroup;
			children = (
				9BD3E5911EA0DA03007B49CF /* main.m */,
			);
			name = "Supporting Files";
			sourceTree = "<group>";
		};
		9BD3E5A91EA0DA03007B49CF /* TestDevTests */ = {
			isa = PBXGroup;
			children = (
				9BD3E5AA1EA0DA03007B49CF /* TestDevTests.m */,
				9BD3E5AC1EA0DA03007B49CF /* Info.plist */,
			);
			path = TestDevTests;
			sourceTree = "<group>";
		};
/* End PBXGroup section */

/* Begin PBXHeadersBuildPhase section */
		9BC39BF01E951C9200FA269F /* Headers */ = {
			isa = PBXHeadersBuildPhase;
			buildActionMask = 2147483647;
			files = (
				9BC39C041E951C9200FA269F /* Test.h in Headers */,
				9BC39C0F1E951ED600FA269F /* TestPrinter.h in Headers */,
			);
			runOnlyForDeploymentPostprocessing = 0;
		};
/* End PBXHeadersBuildPhase section */

/* Begin PBXNativeTarget section */
		9BC39BF21E951C9200FA269F /* Test */ = {
			isa = PBXNativeTarget;
			buildConfigurationList = 9BC39C071E951C9200FA269F /* Build configuration list for PBXNativeTarget "Test" */;
			buildPhases = (
				9BC39BEE1E951C9200FA269F /* Sources */,
				9BC39BEF1E951C9200FA269F /* Frameworks */,
				9BC39BF01E951C9200FA269F /* Headers */,
				9BC39BF11E951C9200FA269F /* Resources */,
				9BDEBA211E9E28570010FBFB /* ShellScript */,
			);
			buildRules = (
			);
			dependencies = (
			);
			name = Test;
			productName = Test;
			productReference = 9BC39BF31E951C9200FA269F /* Test.framework */;
			productType = "com.apple.product-type.framework";
		};
		9BD3E58D1EA0DA03007B49CF /* TestDev */ = {
			isa = PBXNativeTarget;
			buildConfigurationList = 9BD3E5B11EA0DA03007B49CF /* Build configuration list for PBXNativeTarget "TestDev" */;
			buildPhases = (
				9BD3E58A1EA0DA03007B49CF /* Sources */,
				9BD3E58B1EA0DA03007B49CF /* Frameworks */,
				9BD3E58C1EA0DA03007B49CF /* Resources */,
			);
			buildRules = (
			);
			dependencies = (
			);
			name = TestDev;
			productName = TestDev;
			productReference = 9BD3E58E1EA0DA03007B49CF /* TestDev.app */;
			productType = "com.apple.product-type.application";
		};
		9BD3E5A51EA0DA03007B49CF /* TestTests */ = {
			isa = PBXNativeTarget;
			buildConfigurationList = 9BD3E5B21EA0DA03007B49CF /* Build configuration list for PBXNativeTarget "TestTests" */;
			buildPhases = (
				9BD3E5A21EA0DA03007B49CF /* Sources */,
				9BD3E5A31EA0DA03007B49CF /* Frameworks */,
				9BD3E5A41EA0DA03007B49CF /* Resources */,
			);
			buildRules = (
			);
			dependencies = (
				9BD3E5A81EA0DA03007B49CF /* PBXTargetDependency */,
			);
			name = TestTests;
			productName = TestDevTests;
			productReference = 9BD3E5A61EA0DA03007B49CF /* TestTests.xctest */;
			productType = "com.apple.product-type.bundle.unit-test";
		};
/* End PBXNativeTarget section */

/* Begin PBXProject section */
		9BC39BEA1E951C9200FA269F /* Project object */ = {
			isa = PBXProject;
			attributes = {
				LastUpgradeCheck = 0830;
				ORGANIZATIONNAME = Test;
				TargetAttributes = {
					9BC39BF21E951C9200FA269F = {
						CreatedOnToolsVersion = 8.3;
						DevelopmentTeam = XJ74287KY8;
						ProvisioningStyle = Automatic;
					};
					9BD3E58D1EA0DA03007B49CF = {
						CreatedOnToolsVersion = 8.3.1;
						DevelopmentTeam = XJ74287KY8;
						ProvisioningStyle = Automatic;
					};
					9BD3E5A51EA0DA03007B49CF = {
						CreatedOnToolsVersion = 8.3.1;
						DevelopmentTeam = XJ74287KY8;
						ProvisioningStyle = Automatic;
						TestTargetID = 9BD3E58D1EA0DA03007B49CF;
					};
				};
			};
			buildConfigurationList = 9BC39BED1E951C9200FA269F /* Build configuration list for PBXProject "Test" */;
			compatibilityVersion = "Xcode 3.2";
			developmentRegion = English;
			hasScannedForEncodings = 0;
			knownRegions = (
				en,
				Base,
			);
			mainGroup = 9BC39BE91E951C9200FA269F;
			productRefGroup = 9BC39BF41E951C9200FA269F /* Products */;
			projectDirPath = "";
			projectRoot = "";
			targets = (
				9BC39BF21E951C9200FA269F /* Test */,
				9BD3E58D1EA0DA03007B49CF /* TestDev */,
				9BD3E5A51EA0DA03007B49CF /* TestTests */,
			);
		};
/* End PBXProject section */

/* Begin PBXResourcesBuildPhase section */
		9BC39BF11E951C9200FA269F /* Resources */ = {
			isa = PBXResourcesBuildPhase;
			buildActionMask = 2147483647;
			files = (
			);
			runOnlyForDeploymentPostprocessing = 0;
		};
		9BD3E58C1EA0DA03007B49CF /* Resources */ = {
			isa = PBXResourcesBuildPhase;
			buildActionMask = 2147483647;
			files = (
				9BD3E5A01EA0DA03007B49CF /* LaunchScreen.storyboard in Resources */,
				9BD3E59D1EA0DA03007B49CF /* Assets.xcassets in Resources */,
				9BD3E59B1EA0DA03007B49CF /* Main.storyboard in Resources */,
			);
			runOnlyForDeploymentPostprocessing = 0;
		};
		9BD3E5A41EA0DA03007B49CF /* Resources */ = {
			isa = PBXResourcesBuildPhase;
			buildActionMask = 2147483647;
			files = (
			);
			runOnlyForDeploymentPostprocessing = 0;
		};
/* End PBXResourcesBuildPhase section */

/* Begin PBXShellScriptBuildPhase section */
		9BDEBA211E9E28570010FBFB /* ShellScript */ = {
			isa = PBXShellScriptBuildPhase;
			buildActionMask = 2147483647;
			files = (
			);
			inputPaths = (
			);
			outputPaths = (
			);
			runOnlyForDeploymentPostprocessing = 0;
			shellPath = /bin/sh;
			shellScript = "./post-script.sh";
		};
/* End PBXShellScriptBuildPhase section */

/* Begin PBXSourcesBuildPhase section */
		9BC39BEE1E951C9200FA269F /* Sources */ = {
			isa = PBXSourcesBuildPhase;
			buildActionMask = 2147483647;
			files = (
				9BC39C101E951ED600FA269F /* TestPrinter.m in Sources */,
			);
			runOnlyForDeploymentPostprocessing = 0;
		};
		9BD3E58A1EA0DA03007B49CF /* Sources */ = {
			isa = PBXSourcesBuildPhase;
			buildActionMask = 2147483647;
			files = (
				9BD3E5B31EA0DA10007B49CF /* TestPrinter.m in Sources */,
				9BD3E5981EA0DA03007B49CF /* ViewController.m in Sources */,
				9BD3E5951EA0DA03007B49CF /* AppDelegate.m in Sources */,
				9BD3E5921EA0DA03007B49CF /* main.m in Sources */,
			);
			runOnlyForDeploymentPostprocessing = 0;
		};
		9BD3E5A21EA0DA03007B49CF /* Sources */ = {
			isa = PBXSourcesBuildPhase;
			buildActionMask = 2147483647;
			files = (
				9BD3E5AB1EA0DA03007B49CF /* TestDevTests.m in Sources */,
			);
			runOnlyForDeploymentPostprocessing = 0;
		};
/* End PBXSourcesBuildPhase section */

/* Begin PBXTargetDependency section */
		9BD3E5A81EA0DA03007B49CF /* PBXTargetDependency */ = {
			isa = PBXTargetDependency;
			target = 9BD3E58D1EA0DA03007B49CF /* TestDev */;
			targetProxy = 9BD3E5A71EA0DA03007B49CF /* PBXContainerItemProxy */;
		};
/* End PBXTargetDependency section */

/* Begin PBXVariantGroup section */
		9BD3E5991EA0DA03007B49CF /* Main.storyboard */ = {
			isa = PBXVariantGroup;
			children = (
				9BD3E59A1EA0DA03007B49CF /* Base */,
			);
			name = Main.storyboard;
			sourceTree = "<group>";
		};
		9BD3E59E1EA0DA03007B49CF /* LaunchScreen.storyboard */ = {
			isa = PBXVariantGroup;
			children = (
				9BD3E59F1EA0DA03007B49CF /* Base */,
			);
			name = LaunchScreen.storyboard;
			sourceTree = "<group>";
		};
/* End PBXVariantGroup section */

/* Begin XCBuildConfiguration section */
		9BC39C051E951C9200FA269F /* Debug */ = {
			isa = XCBuildConfiguration;
			buildSettings = {
				ALWAYS_SEARCH_USER_PATHS = NO;
				CLANG_ANALYZER_NONNULL = YES;
				CLANG_ANALYZER_NUMBER_OBJECT_CONVERSION = YES_AGGRESSIVE;
				CLANG_CXX_LANGUAGE_STANDARD = "gnu++0x";
				CLANG_CXX_LIBRARY = "libc++";
				CLANG_ENABLE_MODULES = YES;
				CLANG_ENABLE_OBJC_ARC = YES;
				CLANG_WARN_BOOL_CONVERSION = YES;
				CLANG_WARN_CONSTANT_CONVERSION = YES;
				CLANG_WARN_DIRECT_OBJC_ISA_USAGE = YES_ERROR;
				CLANG_WARN_DOCUMENTATION_COMMENTS = YES;
				CLANG_WARN_EMPTY_BODY = YES;
				CLANG_WARN_ENUM_CONVERSION = YES;
				CLANG_WARN_INFINITE_RECURSION = YES;
				CLANG_WARN_INT_CONVERSION = YES;
				CLANG_WARN_OBJC_ROOT_CLASS = YES_ERROR;
				CLANG_WARN_SUSPICIOUS_MOVE = YES;
				CLANG_WARN_UNREACHABLE_CODE = YES;
				CLANG_WARN__DUPLICATE_METHOD_MATCH = YES;
				"CODE_SIGN_IDENTITY[sdk=iphoneos*]" = "iPhone Developer";
				COPY_PHASE_STRIP = NO;
				CURRENT_PROJECT_VERSION = 1;
				DEBUG_INFORMATION_FORMAT = dwarf;
				ENABLE_STRICT_OBJC_MSGSEND = YES;
				ENABLE_TESTABILITY = YES;
				GCC_C_LANGUAGE_STANDARD = gnu99;
				GCC_DYNAMIC_NO_PIC = NO;
				GCC_NO_COMMON_BLOCKS = YES;
				GCC_OPTIMIZATION_LEVEL = 0;
				GCC_PREPROCESSOR_DEFINITIONS = (
					"DEBUG=1",
					"$(inherited)",
				);
				GCC_WARN_64_TO_32_BIT_CONVERSION = YES;
				GCC_WARN_ABOUT_RETURN_TYPE = YES_ERROR;
				GCC_WARN_UNDECLARED_SELECTOR = YES;
				GCC_WARN_UNINITIALIZED_AUTOS = YES_AGGRESSIVE;
				GCC_WARN_UNUSED_FUNCTION = YES;
				GCC_WARN_UNUSED_VARIABLE = YES;
				IPHONEOS_DEPLOYMENT_TARGET = 10.3;
				MTL_ENABLE_DEBUG_INFO = YES;
				ONLY_ACTIVE_ARCH = YES;
				SDKROOT = iphoneos;
				TARGETED_DEVICE_FAMILY = "1,2";
				VERSIONING_SYSTEM = "apple-generic";
				VERSION_INFO_PREFIX = "";
			};
			name = Debug;
		};
		9BC39C061E951C9200FA269F /* Release */ = {
			isa = XCBuildConfiguration;
			buildSettings = {
				ALWAYS_SEARCH_USER_PATHS = NO;
				CLANG_ANALYZER_NONNULL = YES;
				CLANG_ANALYZER_NUMBER_OBJECT_CONVERSION = YES_AGGRESSIVE;
				CLANG_CXX_LANGUAGE_STANDARD = "gnu++0x";
				CLANG_CXX_LIBRARY = "libc++";
				CLANG_ENABLE_MODULES = YES;
				CLANG_ENABLE_OBJC_ARC = YES;
				CLANG_WARN_BOOL_CONVERSION = YES;
				CLANG_WARN_CONSTANT_CONVERSION = YES;
				CLANG_WARN_DIRECT_OBJC_ISA_USAGE = YES_ERROR;
				CLANG_WARN_DOCUMENTATION_COMMENTS = YES;
				CLANG_WARN_EMPTY_BODY = YES;
				CLANG_WARN_ENUM_CONVERSION = YES;
				CLANG_WARN_INFINITE_RECURSION = YES;
				CLANG_WARN_INT_CONVERSION = YES;
				CLANG_WARN_OBJC_ROOT_CLASS = YES_ERROR;
				CLANG_WARN_SUSPICIOUS_MOVE = YES;
				CLANG_WARN_UNREACHABLE_CODE = YES;
				CLANG_WARN__DUPLICATE_METHOD_MATCH = YES;
				"CODE_SIGN_IDENTITY[sdk=iphoneos*]" = "iPhone Developer";
				COPY_PHASE_STRIP = NO;
				CURRENT_PROJECT_VERSION = 1;
				DEBUG_INFORMATION_FORMAT = "dwarf-with-dsym";
				ENABLE_NS_ASSERTIONS = NO;
				ENABLE_STRICT_OBJC_MSGSEND = YES;
				GCC_C_LANGUAGE_STANDARD = gnu99;
				GCC_NO_COMMON_BLOCKS = YES;
				GCC_WARN_64_TO_32_BIT_CONVERSION = YES;
				GCC_WARN_ABOUT_RETURN_TYPE = YES_ERROR;
				GCC_WARN_UNDECLARED_SELECTOR = YES;
				GCC_WARN_UNINITIALIZED_AUTOS = YES_AGGRESSIVE;
				GCC_WARN_UNUSED_FUNCTION = YES;
				GCC_WARN_UNUSED_VARIABLE = YES;
				IPHONEOS_DEPLOYMENT_TARGET = 10.3;
				MTL_ENABLE_DEBUG_INFO = NO;
				SDKROOT = iphoneos;
				TARGETED_DEVICE_FAMILY = "1,2";
				VALIDATE_PRODUCT = YES;
				VERSIONING_SYSTEM = "apple-generic";
				VERSION_INFO_PREFIX = "";
			};
			name = Release;
		};
		9BC39C081E951C9200FA269F /* Debug */ = {
			isa = XCBuildConfiguration;
			buildSettings = {
				CODE_SIGN_IDENTITY = "";
				DEFINES_MODULE = YES;
				DEVELOPMENT_TEAM = XJ74287KY8;
				DYLIB_COMPATIBILITY_VERSION = 1;
				DYLIB_CURRENT_VERSION = 1;
				DYLIB_INSTALL_NAME_BASE = "@rpath";
				GCC_PREPROCESSOR_DEFINITIONS = (
					"DEBUG=1",
					"$(inherited)",
					"TEST_FRAMEWORK_VERSION='\"$(TEST_FRAMEWORK_VERSION)\"'",
				);
				INFOPLIST_FILE = Test/Info.plist;
				INSTALL_PATH = "$(LOCAL_LIBRARY_DIR)/Frameworks";
				LD_RUNPATH_SEARCH_PATHS = "$(inherited) @executable_path/Frameworks @loader_path/Frameworks";
				PRODUCT_BUNDLE_IDENTIFIER = Test.Test;
				PRODUCT_NAME = "$(TARGET_NAME)";
				SKIP_INSTALL = YES;
				TEST_FRAMEWORK_VERSION = "''";
			};
			name = Debug;
		};
		9BC39C091E951C9200FA269F /* Release */ = {
			isa = XCBuildConfiguration;
			buildSettings = {
				CODE_SIGN_IDENTITY = "";
				DEFINES_MODULE = YES;
				DEVELOPMENT_TEAM = XJ74287KY8;
				DYLIB_COMPATIBILITY_VERSION = 1;
				DYLIB_CURRENT_VERSION = 1;
				DYLIB_INSTALL_NAME_BASE = "@rpath";
				GCC_PREPROCESSOR_DEFINITIONS = "TEST_FRAMEWORK_VERSION='\"$(TEST_FRAMEWORK_VERSION)\"'";
				INFOPLIST_FILE = Test/Info.plist;
				INSTALL_PATH = "$(LOCAL_LIBRARY_DIR)/Frameworks";
				LD_RUNPATH_SEARCH_PATHS = "$(inherited) @executable_path/Frameworks @loader_path/Frameworks";
				PRODUCT_BUNDLE_IDENTIFIER = Test.Test;
				PRODUCT_NAME = "$(TARGET_NAME)";
				SKIP_INSTALL = YES;
				TEST_FRAMEWORK_VERSION = "''";
			};
			name = Release;
		};
		9BD3E5AD1EA0DA03007B49CF /* Debug */ = {
			isa = XCBuildConfiguration;
			buildSettings = {
				ASSETCATALOG_COMPILER_APPICON_NAME = AppIcon;
				DEVELOPMENT_TEAM = XJ74287KY8;
				GCC_PREPROCESSOR_DEFINITIONS = (
					"DEBUG=1",
					"$(inherited)",
					"TEST_FRAMEWORK_VERSION='\"$(TEST_FRAMEWORK_VERSION)\"'",
				);
				INFOPLIST_FILE = TestDev/Info.plist;
				LD_RUNPATH_SEARCH_PATHS = "$(inherited) @executable_path/Frameworks";
				PRODUCT_BUNDLE_IDENTIFIER = Test.TestDev;
				PRODUCT_NAME = "$(TARGET_NAME)";
				TEST_FRAMEWORK_VERSION = "''";
			};
			name = Debug;
		};
		9BD3E5AE1EA0DA03007B49CF /* Release */ = {
			isa = XCBuildConfiguration;
			buildSettings = {
				ASSETCATALOG_COMPILER_APPICON_NAME = AppIcon;
				DEVELOPMENT_TEAM = XJ74287KY8;
				GCC_PREPROCESSOR_DEFINITIONS = "TEST_FRAMEWORK_VERSION='\"$(TEST_FRAMEWORK_VERSION)\"'";
				INFOPLIST_FILE = TestDev/Info.plist;
				LD_RUNPATH_SEARCH_PATHS = "$(inherited) @executable_path/Frameworks";
				PRODUCT_BUNDLE_IDENTIFIER = Test.TestDev;
				PRODUCT_NAME = "$(TARGET_NAME)";
				TEST_FRAMEWORK_VERSION = "''";
			};
			name = Release;
		};
		9BD3E5AF1EA0DA03007B49CF /* Debug */ = {
			isa = XCBuildConfiguration;
			buildSettings = {
				BUNDLE_LOADER = "$(TEST_HOST)";
				DEVELOPMENT_TEAM = XJ74287KY8;
				INFOPLIST_FILE = TestDevTests/Info.plist;
				LD_RUNPATH_SEARCH_PATHS = "$(inherited) @executable_path/Frameworks @loader_path/Frameworks";
				PRODUCT_BUNDLE_IDENTIFIER = Test.TestDevTests;
				PRODUCT_NAME = "$(TARGET_NAME)";
				TEST_HOST = "$(BUILT_PRODUCTS_DIR)/TestDev.app/TestDev";
			};
			name = Debug;
		};
		9BD3E5B01EA0DA03007B49CF /* Release */ = {
			isa = XCBuildConfiguration;
			buildSettings = {
				BUNDLE_LOADER = "$(TEST_HOST)";
				DEVELOPMENT_TEAM = XJ74287KY8;
				INFOPLIST_FILE = TestDevTests/Info.plist;
				LD_RUNPATH_SEARCH_PATHS = "$(inherited) @executable_path/Frameworks @loader_path/Frameworks";
				PRODUCT_BUNDLE_IDENTIFIER = Test.TestDevTests;
				PRODUCT_NAME = "$(TARGET_NAME)";
				TEST_HOST = "$(BUILT_PRODUCTS_DIR)/TestDev.app/TestDev";
			};
			name = Release;
		};
/* End XCBuildConfiguration section */

/* Begin XCConfigurationList section */
		9BC39BED1E951C9200FA269F /* Build configuration list for PBXProject "Test" */ = {
			isa = XCConfigurationList;
			buildConfigurations = (
				9BC39C051E951C9200FA269F /* Debug */,
				9BC39C061E951C9200FA269F /* Release */,
			);
			defaultConfigurationIsVisible = 0;
			defaultConfigurationName = Release;
		};
		9BC39C071E951C9200FA269F /* Build configuration list for PBXNativeTarget "Test" */ = {
			isa = XCConfigurationList;
			buildConfigurations = (
				9BC39C081E951C9200FA269F /* Debug */,
				9BC39C091E951C9200FA269F /* Release */,
			);
			defaultConfigurationIsVisible = 0;
			defaultConfigurationName = Release;
		};
		9BD3E5B11EA0DA03007B49CF /* Build configuration list for PBXNativeTarget "TestDev" */ = {
			isa = XCConfigurationList;
			buildConfigurations = (
				9BD3E5AD1EA0DA03007B49CF /* Debug */,
				9BD3E5AE1EA0DA03007B49CF /* Release */,
			);
			defaultConfigurationIsVisible = 0;
			defaultConfigurationName = Release;
		};
		9BD3E5B21EA0DA03007B49CF /* Build configuration list for PBXNativeTarget "TestTests" */ = {
			isa = XCConfigurationList;
			buildConfigurations = (
				9BD3E5AF1EA0DA03007B49CF /* Debug */,
				9BD3E5B01EA0DA03007B49CF /* Release */,
			);
			defaultConfigurationIsVisible = 0;
			defaultConfigurationName = Release;
		};
/* End XCConfigurationList section */
	};
	rootObject = 9BC39BEA1E951C9200FA269F /* Project object */;
}
